
Microsoft Visual Studio Solution File, Format Version 10.00
# Visual Studio 2008
Project("{FAE04EC0-301F-11D3-BF4B-00C04F79EFBC}") = "Kuznetsova", "Kuznetsova\Kuznetsova.csproj", "{8FA1E155-7497-420F-9C08-CF99D570ACDD}"
EndProject
Global
	GlobalSection(SolutionConfigurationPlatforms) = preSolution
		Debug|Any CPU = Debug|Any CPU
		Release|Any CPU = Release|Any CPU
	EndGlobalSection
	GlobalSection(ProjectConfigurationPlatforms) = postSolution
		{8FA1E155-7497-420F-9C08-CF99D570ACDD}.Debug|Any CPU.ActiveCfg = Debug|Any CPU
		{8FA1E155-7497-420F-9C08-CF99D570ACDD}.Debug|Any CPU.Build.0 = Debug|Any CPU
		{8FA1E155-7497-420F-9C08-CF99D570ACDD}.Release|Any CPU.ActiveCfg = Release|Any CPU
		{8FA1E155-7497-420F-9C08-CF99D570ACDD}.Release|Any CPU.Build.0 = Release|Any CPU
	EndGlobalSection
	GlobalSection(SolutionProperties) = preSolution
		HideSolutionNode = FALSE
	EndGlobalSection
EndGlobal
